PODS:
  - Flutter (1.0.0)
  - here_sdk (4.6.4.0.4789.release):
    - Flutter
  - path_provider (0.0.1):
    - Flutter

DEPENDENCIES:
  - Flutter (from `Flutter`)
  - here_sdk (from `.symlinks/plugins/here_sdk/ios`)
  - path_provider (from `.symlinks/plugins/path_provider/ios`)

EXTERNAL SOURCES:
  Flutter:
    :path: Flutter
  here_sdk:
    :path: ".symlinks/plugins/here_sdk/ios"
  path_provider:
    :path: ".symlinks/plugins/path_provider/ios"

SPEC CHECKSUMS:
  Flutter: 434fef37c0980e73bb6479ef766c45957d4b510c
  here_sdk: 15c8b915e106555c2e0c133d9bca1e3252f1ba8b
  path_provider: abfe2b5c733d04e238b0d8691db0cfd63a27a93c

PODFILE CHECKSUM: 9454f986cdc14825d1c7c94582a774ccf7afd8b1

COCOAPODS: 1.10.0
